
Microsoft Visual Studio Solution File, Format Version 12.00
# Visual Studio 15
Project("{FAE04EC0-301F-11D3-BF4B-00C04F79EFBC}") = "Assembly-CSharp", "Assembly-CSharp.csproj", "{38377D16-9ED4-3CAC-A7ED-59CC0B48B6B5}"
EndProject
Project("{FAE04EC0-301F-11D3-BF4B-00C04F79EFBC}") = "Assembly-CSharp-firstpass", "Assembly-CSharp-firstpass.csproj", "{68B5300B-5FA1-CAB3-C7A1-AF6AFAC1C826}"
EndProject
Project("{FAE04EC0-301F-11D3-BF4B-00C04F79EFBC}") = "Assembly-CSharp-Editor-firstpass", "Assembly-CSharp-Editor-firstpass.csproj", "{674F7F18-F631-A9F4-C0AD-D9C129E30176}"
EndProject
Global
	GlobalSection(SolutionConfigurationPlatforms) = preSolution
		Debug|Any CPU = Debug|Any CPU
		Release|Any CPU = Release|Any CPU
	EndGlobalSection
	GlobalSection(ProjectConfigurationPlatforms) = postSolution
		{38377D16-9ED4-3CAC-A7ED-59CC0B48B6B5}.Debug|Any CPU.ActiveCfg = Debug|Any CPU
		{38377D16-9ED4-3CAC-A7ED-59CC0B48B6B5}.Debug|Any CPU.Build.0 = Debug|Any CPU
		{38377D16-9ED4-3CAC-A7ED-59CC0B48B6B5}.Release|Any CPU.ActiveCfg = Release|Any CPU
		{38377D16-9ED4-3CAC-A7ED-59CC0B48B6B5}.Release|Any CPU.Build.0 = Release|Any CPU
		{68B5300B-5FA1-CAB3-C7A1-AF6AFAC1C826}.Debug|Any CPU.ActiveCfg = Debug|Any CPU
		{68B5300B-5FA1-CAB3-C7A1-AF6AFAC1C826}.Debug|Any CPU.Build.0 = Debug|Any CPU
		{68B5300B-5FA1-CAB3-C7A1-AF6AFAC1C826}.Release|Any CPU.ActiveCfg = Release|Any CPU
		{68B5300B-5FA1-CAB3-C7A1-AF6AFAC1C826}.Release|Any CPU.Build.0 = Release|Any CPU
		{674F7F18-F631-A9F4-C0AD-D9C129E30176}.Debug|Any CPU.ActiveCfg = Debug|Any CPU
		{674F7F18-F631-A9F4-C0AD-D9C129E30176}.Debug|Any CPU.Build.0 = Debug|Any CPU
		{674F7F18-F631-A9F4-C0AD-D9C129E30176}.Release|Any CPU.ActiveCfg = Release|Any CPU
		{674F7F18-F631-A9F4-C0AD-D9C129E30176}.Release|Any CPU.Build.0 = Release|Any CPU
	EndGlobalSection
	GlobalSection(SolutionProperties) = preSolution
		HideSolutionNode = FALSE
	EndGlobalSection
EndGlobal
